
Microsoft Visual Studio Solution File, Format Version 12.00
# Visual Studio Version 17
VisualStudioVersion = 17.8.34511.84
MinimumVisualStudioVersion = 10.0.40219.1
Project("{9A19103F-16F7-4668-BE54-9A1E7A4F7556}") = "GLAB", "GLAB.csproj", "{773541BD-2BED-4EB6-8490-34B594ADA30B}"
EndProject
Project("{9A19103F-16F7-4668-BE54-9A1E7A4F7556}") = "Ids.FilesUI", "..\Ids.FilesUI\Ids.FilesUI.csproj", "{D4DD00CE-56A5-43DC-BFDB-06A5E61273DF}"
EndProject
Global
	GlobalSection(SolutionConfigurationPlatforms) = preSolution
		Debug|Any CPU = Debug|Any CPU
		Release|Any CPU = Release|Any CPU
	EndGlobalSection
	GlobalSection(ProjectConfigurationPlatforms) = postSolution
		{773541BD-2BED-4EB6-8490-34B594ADA30B}.Debug|Any CPU.ActiveCfg = Debug|Any CPU
		{773541BD-2BED-4EB6-8490-34B594ADA30B}.Debug|Any CPU.Build.0 = Debug|Any CPU
		{773541BD-2BED-4EB6-8490-34B594ADA30B}.Release|Any CPU.ActiveCfg = Release|Any CPU
		{773541BD-2BED-4EB6-8490-34B594ADA30B}.Release|Any CPU.Build.0 = Release|Any CPU
		{D4DD00CE-56A5-43DC-BFDB-06A5E61273DF}.Debug|Any CPU.ActiveCfg = Debug|Any CPU
		{D4DD00CE-56A5-43DC-BFDB-06A5E61273DF}.Debug|Any CPU.Build.0 = Debug|Any CPU
		{D4DD00CE-56A5-43DC-BFDB-06A5E61273DF}.Release|Any CPU.ActiveCfg = Release|Any CPU
		{D4DD00CE-56A5-43DC-BFDB-06A5E61273DF}.Release|Any CPU.Build.0 = Release|Any CPU
	EndGlobalSection
	GlobalSection(SolutionProperties) = preSolution
		HideSolutionNode = FALSE
	EndGlobalSection
	GlobalSection(ExtensibilityGlobals) = postSolution
		SolutionGuid = {9B9EA957-1A7C-46DC-A3CC-1F1D0883ECB5}
	EndGlobalSection
EndGlobal
